
Microsoft Visual Studio Solution File, Format Version 12.00
# Visual Studio Version 16
VisualStudioVersion = 16.0.31005.135
MinimumVisualStudioVersion = 10.0.40219.1
Project("{FAE04EC0-301F-11D3-BF4B-00C04F79EFBC}") = "DataMatrixUpdate", "DataMatrixUpdate.csproj", "{4890AE52-E19C-402C-A74F-FD78F041EC12}"
EndProject
Global
	GlobalSection(SolutionConfigurationPlatforms) = preSolution
		Debug|Any CPU = Debug|Any CPU
		Release|Any CPU = Release|Any CPU
	EndGlobalSection
	GlobalSection(ProjectConfigurationPlatforms) = postSolution
		{4890AE52-E19C-402C-A74F-FD78F041EC12}.Debug|Any CPU.ActiveCfg = Debug|Any CPU
		{4890AE52-E19C-402C-A74F-FD78F041EC12}.Debug|Any CPU.Build.0 = Debug|Any CPU
		{4890AE52-E19C-402C-A74F-FD78F041EC12}.Release|Any CPU.ActiveCfg = Release|Any CPU
		{4890AE52-E19C-402C-A74F-FD78F041EC12}.Release|Any CPU.Build.0 = Release|Any CPU
	EndGlobalSection
	GlobalSection(SolutionProperties) = preSolution
		HideSolutionNode = FALSE
	EndGlobalSection
	GlobalSection(ExtensibilityGlobals) = postSolution
		SolutionGuid = {10F58833-8898-4BAB-9233-256CEBCDFECE}
	EndGlobalSection
EndGlobal
